
Microsoft Visual Studio Solution File, Format Version 12.00
# Visual Studio 14
VisualStudioVersion = 14.0.24720.0
MinimumVisualStudioVersion = 10.0.40219.1
Project("{FAE04EC0-301F-11D3-BF4B-00C04F79EFBC}") = "Web", "Web\Web.csproj", "{03BEBD55-2BDF-4AE8-8228-AC072A9DA525}"
EndProject
Project("{FAE04EC0-301F-11D3-BF4B-00C04F79EFBC}") = "DataAccessLayer", "DataAccessLayer\DataAccessLayer.csproj", "{69977F50-BD2E-42DB-BC12-763F0AD2FF50}"
EndProject
Project("{FAE04EC0-301F-11D3-BF4B-00C04F79EFBC}") = "MySqlDatabase", "MySqlDatabase\MySqlDatabase.csproj", "{CA32631A-46D4-44EC-A2E5-918DEE4B1C6F}"
EndProject
Project("{FAE04EC0-301F-11D3-BF4B-00C04F79EFBC}") = "DataAccessLayerUnitTestProject", "DataAccessLayerUnitTestProject\DataAccessLayerUnitTestProject.csproj", "{CEEF0381-1FA5-4A9B-8318-2E6F6457DB7E}"
EndProject
Project("{FAE04EC0-301F-11D3-BF4B-00C04F79EFBC}") = "DomainModel", "DomainModel\DomainModel.csproj", "{FBBF6B6F-63C7-4E28-BF14-2FBB77E43DDE}"
EndProject
Project("{FAE04EC0-301F-11D3-BF4B-00C04F79EFBC}") = "DomainModelUnitTestProject", "DomainModelUnitTestProject\DomainModelUnitTestProject.csproj", "{BFB7CAD2-922B-4B1A-887E-31DDD69D6E13}"
EndProject
Project("{FAE04EC0-301F-11D3-BF4B-00C04F79EFBC}") = "MySqlDatabaseUnitTestProject", "MySqlDatabaseUnitTestProject\MySqlDatabaseUnitTestProject.csproj", "{C4FE0BDD-2AB9-4169-965D-72AC84187F26}"
EndProject
Project("{FAE04EC0-301F-11D3-BF4B-00C04F79EFBC}") = "UnitTestProject", "UnitTestProject\UnitTestProject.csproj", "{50A82A9F-7CEF-4886-BAF5-B37B30B51F3B}"
EndProject
Global
	GlobalSection(SolutionConfigurationPlatforms) = preSolution
		Debug|Any CPU = Debug|Any CPU
		Release|Any CPU = Release|Any CPU
	EndGlobalSection
	GlobalSection(ProjectConfigurationPlatforms) = postSolution
		{03BEBD55-2BDF-4AE8-8228-AC072A9DA525}.Debug|Any CPU.ActiveCfg = Debug|Any CPU
		{03BEBD55-2BDF-4AE8-8228-AC072A9DA525}.Debug|Any CPU.Build.0 = Debug|Any CPU
		{03BEBD55-2BDF-4AE8-8228-AC072A9DA525}.Release|Any CPU.ActiveCfg = Release|Any CPU
		{03BEBD55-2BDF-4AE8-8228-AC072A9DA525}.Release|Any CPU.Build.0 = Release|Any CPU
		{69977F50-BD2E-42DB-BC12-763F0AD2FF50}.Debug|Any CPU.ActiveCfg = Debug|Any CPU
		{69977F50-BD2E-42DB-BC12-763F0AD2FF50}.Debug|Any CPU.Build.0 = Debug|Any CPU
		{69977F50-BD2E-42DB-BC12-763F0AD2FF50}.Release|Any CPU.ActiveCfg = Release|Any CPU
		{69977F50-BD2E-42DB-BC12-763F0AD2FF50}.Release|Any CPU.Build.0 = Release|Any CPU
		{CA32631A-46D4-44EC-A2E5-918DEE4B1C6F}.Debug|Any CPU.ActiveCfg = Debug|Any CPU
		{CA32631A-46D4-44EC-A2E5-918DEE4B1C6F}.Debug|Any CPU.Build.0 = Debug|Any CPU
		{CA32631A-46D4-44EC-A2E5-918DEE4B1C6F}.Release|Any CPU.ActiveCfg = Release|Any CPU
		{CA32631A-46D4-44EC-A2E5-918DEE4B1C6F}.Release|Any CPU.Build.0 = Release|Any CPU
		{CEEF0381-1FA5-4A9B-8318-2E6F6457DB7E}.Debug|Any CPU.ActiveCfg = Debug|Any CPU
		{CEEF0381-1FA5-4A9B-8318-2E6F6457DB7E}.Debug|Any CPU.Build.0 = Debug|Any CPU
		{CEEF0381-1FA5-4A9B-8318-2E6F6457DB7E}.Release|Any CPU.ActiveCfg = Release|Any CPU
		{CEEF0381-1FA5-4A9B-8318-2E6F6457DB7E}.Release|Any CPU.Build.0 = Release|Any CPU
		{FBBF6B6F-63C7-4E28-BF14-2FBB77E43DDE}.Debug|Any CPU.ActiveCfg = Debug|Any CPU
		{FBBF6B6F-63C7-4E28-BF14-2FBB77E43DDE}.Debug|Any CPU.Build.0 = Debug|Any CPU
		{FBBF6B6F-63C7-4E28-BF14-2FBB77E43DDE}.Release|Any CPU.ActiveCfg = Release|Any CPU
		{FBBF6B6F-63C7-4E28-BF14-2FBB77E43DDE}.Release|Any CPU.Build.0 = Release|Any CPU
		{BFB7CAD2-922B-4B1A-887E-31DDD69D6E13}.Debug|Any CPU.ActiveCfg = Debug|Any CPU
		{BFB7CAD2-922B-4B1A-887E-31DDD69D6E13}.Debug|Any CPU.Build.0 = Debug|Any CPU
		{BFB7CAD2-922B-4B1A-887E-31DDD69D6E13}.Release|Any CPU.ActiveCfg = Release|Any CPU
		{BFB7CAD2-922B-4B1A-887E-31DDD69D6E13}.Release|Any CPU.Build.0 = Release|Any CPU
		{C4FE0BDD-2AB9-4169-965D-72AC84187F26}.Debug|Any CPU.ActiveCfg = Debug|Any CPU
		{C4FE0BDD-2AB9-4169-965D-72AC84187F26}.Debug|Any CPU.Build.0 = Debug|Any CPU
		{C4FE0BDD-2AB9-4169-965D-72AC84187F26}.Release|Any CPU.ActiveCfg = Release|Any CPU
		{C4FE0BDD-2AB9-4169-965D-72AC84187F26}.Release|Any CPU.Build.0 = Release|Any CPU
		{50A82A9F-7CEF-4886-BAF5-B37B30B51F3B}.Debug|Any CPU.ActiveCfg = Debug|Any CPU
		{50A82A9F-7CEF-4886-BAF5-B37B30B51F3B}.Debug|Any CPU.Build.0 = Debug|Any CPU
		{50A82A9F-7CEF-4886-BAF5-B37B30B51F3B}.Release|Any CPU.ActiveCfg = Release|Any CPU
		{50A82A9F-7CEF-4886-BAF5-B37B30B51F3B}.Release|Any CPU.Build.0 = Release|Any CPU
	EndGlobalSection
	GlobalSection(SolutionProperties) = preSolution
		HideSolutionNode = FALSE
	EndGlobalSection
EndGlobal
